
Microsoft Visual Studio Solution File, Format Version 12.00
# Visual Studio Version 17
VisualStudioVersion = 17.0.31903.59
MinimumVisualStudioVersion = 10.0.40219.1
Project("{FAE04EC0-301F-11D3-BF4B-00C04F79EFBC}") = "TR.HW.OutboxRelay.Domain", "TR.HW.OutboxRelay.Domain\TR.HW.OutboxRelay.Domain.csproj", "{52EF2724-FB41-4479-B674-B7FCCA0B214E}"
EndProject
Project("{FAE04EC0-301F-11D3-BF4B-00C04F79EFBC}") = "TR.HW.OutboxRelay.Application", "TR.HW.OutboxRelay.Application\TR.HW.OutboxRelay.Application.csproj", "{ED57FC6C-45CF-49DB-8FE4-C7947F923B50}"
EndProject
Project("{FAE04EC0-301F-11D3-BF4B-00C04F79EFBC}") = "TR.HW.OutboxRelay.Infrastructure", "TR.HW.OutboxRelay.Infrastructure\TR.HW.OutboxRelay.Infrastructure.csproj", "{06D97FF7-6413-420F-9823-950CDE445DC5}"
EndProject
Project("{FAE04EC0-301F-11D3-BF4B-00C04F79EFBC}") = "TR.HW.OutboxRelay.Worker", "TR.HW.OutboxRelay.Worker\TR.HW.OutboxRelay.Worker.csproj", "{832B92C2-1392-4613-8608-025E25087732}"
EndProject
Global
	GlobalSection(SolutionConfigurationPlatforms) = preSolution
		Debug|Any CPU = Debug|Any CPU
		Debug|x64 = Debug|x64
		Debug|x86 = Debug|x86
		Release|Any CPU = Release|Any CPU
		Release|x64 = Release|x64
		Release|x86 = Release|x86
	EndGlobalSection
	GlobalSection(ProjectConfigurationPlatforms) = postSolution
		{52EF2724-FB41-4479-B674-B7FCCA0B214E}.Debug|Any CPU.ActiveCfg = Debug|Any CPU
		{52EF2724-FB41-4479-B674-B7FCCA0B214E}.Debug|Any CPU.Build.0 = Debug|Any CPU
		{52EF2724-FB41-4479-B674-B7FCCA0B214E}.Debug|x64.ActiveCfg = Debug|Any CPU
		{52EF2724-FB41-4479-B674-B7FCCA0B214E}.Debug|x64.Build.0 = Debug|Any CPU
		{52EF2724-FB41-4479-B674-B7FCCA0B214E}.Debug|x86.ActiveCfg = Debug|Any CPU
		{52EF2724-FB41-4479-B674-B7FCCA0B214E}.Debug|x86.Build.0 = Debug|Any CPU
		{52EF2724-FB41-4479-B674-B7FCCA0B214E}.Release|Any CPU.ActiveCfg = Release|Any CPU
		{52EF2724-FB41-4479-B674-B7FCCA0B214E}.Release|Any CPU.Build.0 = Release|Any CPU
		{52EF2724-FB41-4479-B674-B7FCCA0B214E}.Release|x64.ActiveCfg = Release|Any CPU
		{52EF2724-FB41-4479-B674-B7FCCA0B214E}.Release|x64.Build.0 = Release|Any CPU
		{52EF2724-FB41-4479-B674-B7FCCA0B214E}.Release|x86.ActiveCfg = Release|Any CPU
		{52EF2724-FB41-4479-B674-B7FCCA0B214E}.Release|x86.Build.0 = Release|Any CPU
		{ED57FC6C-45CF-49DB-8FE4-C7947F923B50}.Debug|Any CPU.ActiveCfg = Debug|Any CPU
		{ED57FC6C-45CF-49DB-8FE4-C7947F923B50}.Debug|Any CPU.Build.0 = Debug|Any CPU
		{ED57FC6C-45CF-49DB-8FE4-C7947F923B50}.Debug|x64.ActiveCfg = Debug|Any CPU
		{ED57FC6C-45CF-49DB-8FE4-C7947F923B50}.Debug|x64.Build.0 = Debug|Any CPU
		{ED57FC6C-45CF-49DB-8FE4-C7947F923B50}.Debug|x86.ActiveCfg = Debug|Any CPU
		{ED57FC6C-45CF-49DB-8FE4-C7947F923B50}.Debug|x86.Build.0 = Debug|Any CPU
		{ED57FC6C-45CF-49DB-8FE4-C7947F923B50}.Release|Any CPU.ActiveCfg = Release|Any CPU
		{ED57FC6C-45CF-49DB-8FE4-C7947F923B50}.Release|Any CPU.Build.0 = Release|Any CPU
		{ED57FC6C-45CF-49DB-8FE4-C7947F923B50}.Release|x64.ActiveCfg = Release|Any CPU
		{ED57FC6C-45CF-49DB-8FE4-C7947F923B50}.Release|x64.Build.0 = Release|Any CPU
		{ED57FC6C-45CF-49DB-8FE4-C7947F923B50}.Release|x86.ActiveCfg = Release|Any CPU
		{ED57FC6C-45CF-49DB-8FE4-C7947F923B50}.Release|x86.Build.0 = Release|Any CPU
		{06D97FF7-6413-420F-9823-950CDE445DC5}.Debug|Any CPU.ActiveCfg = Debug|Any CPU
		{06D97FF7-6413-420F-9823-950CDE445DC5}.Debug|Any CPU.Build.0 = Debug|Any CPU
		{06D97FF7-6413-420F-9823-950CDE445DC5}.Debug|x64.ActiveCfg = Debug|Any CPU
		{06D97FF7-6413-420F-9823-950CDE445DC5}.Debug|x64.Build.0 = Debug|Any CPU
		{06D97FF7-6413-420F-9823-950CDE445DC5}.Debug|x86.ActiveCfg = Debug|Any CPU
		{06D97FF7-6413-420F-9823-950CDE445DC5}.Debug|x86.Build.0 = Debug|Any CPU
		{06D97FF7-6413-420F-9823-950CDE445DC5}.Release|Any CPU.ActiveCfg = Release|Any CPU
		{06D97FF7-6413-420F-9823-950CDE445DC5}.Release|Any CPU.Build.0 = Release|Any CPU
		{06D97FF7-6413-420F-9823-950CDE445DC5}.Release|x64.ActiveCfg = Release|Any CPU
		{06D97FF7-6413-420F-9823-950CDE445DC5}.Release|x64.Build.0 = Release|Any CPU
		{06D97FF7-6413-420F-9823-950CDE445DC5}.Release|x86.ActiveCfg = Release|Any CPU
		{06D97FF7-6413-420F-9823-950CDE445DC5}.Release|x86.Build.0 = Release|Any CPU
		{832B92C2-1392-4613-8608-025E25087732}.Debug|Any CPU.ActiveCfg = Debug|Any CPU
		{832B92C2-1392-4613-8608-025E25087732}.Debug|Any CPU.Build.0 = Debug|Any CPU
		{832B92C2-1392-4613-8608-025E25087732}.Debug|x64.ActiveCfg = Debug|Any CPU
		{832B92C2-1392-4613-8608-025E25087732}.Debug|x64.Build.0 = Debug|Any CPU
		{832B92C2-1392-4613-8608-025E25087732}.Debug|x86.ActiveCfg = Debug|Any CPU
		{832B92C2-1392-4613-8608-025E25087732}.Debug|x86.Build.0 = Debug|Any CPU
		{832B92C2-1392-4613-8608-025E25087732}.Release|Any CPU.ActiveCfg = Release|Any CPU
		{832B92C2-1392-4613-8608-025E25087732}.Release|Any CPU.Build.0 = Release|Any CPU
		{832B92C2-1392-4613-8608-025E25087732}.Release|x64.ActiveCfg = Release|Any CPU
		{832B92C2-1392-4613-8608-025E25087732}.Release|x64.Build.0 = Release|Any CPU
		{832B92C2-1392-4613-8608-025E25087732}.Release|x86.ActiveCfg = Release|Any CPU
		{832B92C2-1392-4613-8608-025E25087732}.Release|x86.Build.0 = Release|Any CPU
	EndGlobalSection
	GlobalSection(SolutionProperties) = preSolution
		HideSolutionNode = FALSE
	EndGlobalSection
EndGlobal
